// !$*UTF8*$!
{
	archiveVersion = 1;
	classes = {
	};
	objectVersion = 50;
	objects = {

/* Begin PBXBuildFile section */
		303B5A51242FA6B80061E1DA /* AppDelegate.swift in Sources */ = {isa = PBXBuildFile; fileRef = 303B5A50242FA6B80061E1DA /* AppDelegate.swift */; };
		303B5A53242FA6B80061E1DA /* SceneDelegate.swift in Sources */ = {isa = PBXBuildFile; fileRef = 303B5A52242FA6B80061E1DA /* SceneDelegate.swift */; };
		303B5A55242FA6B80061E1DA /* ViewController.swift in Sources */ = {isa = PBXBuildFile; fileRef = 303B5A54242FA6B80061E1DA /* ViewController.swift */; };
		303B5A58242FA6B80061E1DA /* Main.storyboard in Resources */ = {isa = PBXBuildFile; fileRef = 303B5A56242FA6B80061E1DA /* Main.storyboard */; };
		303B5A5A242FA6BA0061E1DA /* Assets.xcassets in Resources */ = {isa = PBXBuildFile; fileRef = 303B5A59242FA6BA0061E1DA /* Assets.xcassets */; };
		303B5A5D242FA6BA0061E1DA /* LaunchScreen.storyboard in Resources */ = {isa = PBXBuildFile; fileRef = 303B5A5B242FA6BA0061E1DA /* LaunchScreen.storyboard */; };
/* End PBXBuildFile section */

/* Begin PBXFileReference section */
		303B5A4D242FA6B80061E1DA /* TennisCore.app */ = {isa = PBXFileReference; explicitFileType = wrapper.application; includeInIndex = 0; path = TennisCore.app; sourceTree = BUILT_PRODUCTS_DIR; };
		303B5A50242FA6B80061E1DA /* AppDelegate.swift */ = {isa = PBXFileReference; lastKnownFileType = sourcecode.swift; path = AppDelegate.swift; sourceTree = "<group>"; };
		303B5A52242FA6B80061E1DA /* SceneDelegate.swift */ = {isa = PBXFileReference; lastKnownFileType = sourcecode.swift; path = SceneDelegate.swift; sourceTree = "<group>"; };
		303B5A54242FA6B80061E1DA /* ViewController.swift */ = {isa = PBXFileReference; lastKnownFileType = sourcecode.swift; path = ViewController.swift; sourceTree = "<group>"; };
		303B5A57242FA6B80061E1DA /* Base */ = {isa = PBXFileReference; lastKnownFileType = file.storyboard; name = Base; path = Base.lproj/Main.storyboard; sourceTree = "<group>"; };
		303B5A59242FA6BA0061E1DA /* Assets.xcassets */ = {isa = PBXFileReference; lastKnownFileType = folder.assetcatalog; path = Assets.xcassets; sourceTree = "<group>"; };
		303B5A5C242FA6BA0061E1DA /* Base */ = {isa = PBXFileReference; lastKnownFileType = file.storyboard; name = Base; path = Base.lproj/LaunchScreen.storyboard; sourceTree = "<group>"; };
		303B5A5E242FA6BA0061E1DA /* Info.plist */ = {isa = PBXFileReference; lastKnownFileType = text.plist.xml; path = Info.plist; sourceTree = "<group>"; };
/* End PBXFileReference section */

/* Begin PBXFrameworksBuildPhase section */
		303B5A4A242FA6B80061E1DA /* Frameworks */ = {
			isa = PBXFrameworksBuildPhase;
			buildActionMask = 2147483647;
			files = (
			);
			runOnlyForDeploymentPostprocessing = 0;
		};
/* End PBXFrameworksBuildPhase section */

/* Begin PBXGroup section */
		303B5A44242FA6B80061E1DA = {
			isa = PBXGroup;
			children = (
				303B5A4F242FA6B80061E1DA /* TennisCore */,
				303B5A4E242FA6B80061E1DA /* Products */,
			);
			sourceTree = "<group>";
		};
		303B5A4E242FA6B80061E1DA /* Products */ = {
			isa = PBXGroup;
			children = (
				303B5A4D242FA6B80061E1DA /* TennisCore.app */,
			);
			name = Products;
			sourceTree = "<group>";
		};
		303B5A4F242FA6B80061E1DA /* TennisCore */ = {
			isa = PBXGroup;
			children = (
				303B5A50242FA6B80061E1DA /* AppDelegate.swift */,
				303B5A52242FA6B80061E1DA /* SceneDelegate.swift */,
				303B5A54242FA6B80061E1DA /* ViewController.swift */,
				303B5A56242FA6B80061E1DA /* Main.storyboard */,
				303B5A59242FA6BA0061E1DA /* Assets.xcassets */,
				303B5A5B242FA6BA0061E1DA /* LaunchScreen.storyboard */,
				303B5A5E242FA6BA0061E1DA /* Info.plist */,
			);
			path = TennisCore;
			sourceTree = "<group>";
		};
/* End PBXGroup section */

/* Begin PBXNativeTarget section */
		303B5A4C242FA6B80061E1DA /* TennisCore */ = {
			isa = PBXNativeTarget;
			buildConfigurationList = 303B5A61242FA6BA0061E1DA /* Build configuration list for PBXNativeTarget "TennisCore" */;
			buildPhases = (
				303B5A49242FA6B80061E1DA /* Sources */,
				303B5A4A242FA6B80061E1DA /* Frameworks */,
				303B5A4B242FA6B80061E1DA /* Resources */,
			);
			buildRules = (
			);
			dependencies = (
			);
			name = TennisCore;
			productName = TennisCore;
			productReference = 303B5A4D242FA6B80061E1DA /* TennisCore.app */;
			productType = "com.apple.product-type.application";
		};
/* End PBXNativeTarget section */

/* Begin PBXProject section */
		303B5A45242FA6B80061E1DA /* Project object */ = {
			isa = PBXProject;
			attributes = {
				LastSwiftUpdateCheck = 1130;
				LastUpgradeCheck = 1130;
				ORGANIZATIONNAME = blueforestapps;
				TargetAttributes = {
					303B5A4C242FA6B80061E1DA = {
						CreatedOnToolsVersion = 11.3.1;
					};
				};
			};
			buildConfigurationList = 303B5A48242FA6B80061E1DA /* Build configuration list for PBXProject "TennisCore" */;
			compatibilityVersion = "Xcode 9.3";
			developmentRegion = en;
			hasScannedForEncodings = 0;
			knownRegions = (
				en,
				Base,
			);
			mainGroup = 303B5A44242FA6B80061E1DA;
			productRefGroup = 303B5A4E242FA6B80061E1DA /* Products */;
			projectDirPath = "";
			projectRoot = "";
			targets = (
				303B5A4C242FA6B80061E1DA /* TennisCore */,
			);
		};
/* End PBXProject section */

/* Begin PBXResourcesBuildPhase section */
		303B5A4B242FA6B80061E1DA /* Resources */ = {
			isa = PBXResourcesBuildPhase;
			buildActionMask = 2147483647;
			files = (
				303B5A5D242FA6BA0061E1DA /* LaunchScreen.storyboard in Resources */,
				303B5A5A242FA6BA0061E1DA /* Assets.xcassets in Resources */,
				303B5A58242FA6B80061E1DA /* Main.storyboard in Resources */,
			);
			runOnlyForDeploymentPostprocessing = 0;
		};
/* End PBXResourcesBuildPhase section */

/* Begin PBXSourcesBuildPhase section */
		303B5A49242FA6B80061E1DA /* Sources */ = {
			isa = PBXSourcesBuildPhase;
			buildActionMask = 2147483647;
			files = (
				303B5A55242FA6B80061E1DA /* ViewController.swift in Sources */,
				303B5A51242FA6B80061E1DA /* AppDelegate.swift in Sources */,
				303B5A53242FA6B80061E1DA /* SceneDelegate.swift in Sources */,
			);
			runOnlyForDeploymentPostprocessing = 0;
		};
/* End PBXSourcesBuildPhase section */

/* Begin PBXVariantGroup section */
		303B5A56242FA6B80061E1DA /* Main.storyboard */ = {
			isa = PBXVariantGroup;
			children = (
				303B5A57242FA6B80061E1DA /* Base */,
			);
			name = Main.storyboard;
			sourceTree = "<group>";
		};
		303B5A5B242FA6BA0061E1DA /* LaunchScreen.storyboard */ = {
			isa = PBXVariantGroup;
			children = (
				303B5A5C242FA6BA0061E1DA /* Base */,
			);
			name = LaunchScreen.storyboard;
			sourceTree = "<group>";
		};
/* End PBXVariantGroup section */

/* Begin XCBuildConfiguration section */
		303B5A5F242FA6BA0061E1DA /* Debug */ = {
			isa = XCBuildConfiguration;
			buildSettings = {
				ALWAYS_SEARCH_USER_PATHS = NO;
				CLANG_ANALYZER_NONNULL = YES;
				CLANG_ANALYZER_NUMBER_OBJECT_CONVERSION = YES_AGGRESSIVE;
				CLANG_CXX_LANGUAGE_STANDARD = "gnu++14";
				CLANG_CXX_LIBRARY = "libc++";
				CLANG_ENABLE_MODULES = YES;
				CLANG_ENABLE_OBJC_ARC = YES;
				CLANG_ENABLE_OBJC_WEAK = YES;
				CLANG_WARN_BLOCK_CAPTURE_AUTORELEASING = YES;
				CLANG_WARN_BOOL_CONVERSION = YES;
				CLANG_WARN_COMMA = YES;
				CLANG_WARN_CONSTANT_CONVERSION = YES;
				CLANG_WARN_DEPRECATED_OBJC_IMPLEMENTATIONS = YES;
				CLANG_WARN_DIRECT_OBJC_ISA_USAGE = YES_ERROR;
				CLANG_WARN_DOCUMENTATION_COMMENTS = YES;
				CLANG_WARN_EMPTY_BODY = YES;
				CLANG_WARN_ENUM_CONVERSION = YES;
				CLANG_WARN_INFINITE_RECURSION = YES;
				CLANG_WARN_INT_CONVERSION = YES;
				CLANG_WARN_NON_LITERAL_NULL_CONVERSION = YES;
				CLANG_WARN_OBJC_IMPLICIT_RETAIN_SELF = YES;
				CLANG_WARN_OBJC_LITERAL_CONVERSION = YES;
				CLANG_WARN_OBJC_ROOT_CLASS = YES_ERROR;
				CLANG_WARN_RANGE_LOOP_ANALYSIS = YES;
				CLANG_WARN_STRICT_PROTOTYPES = YES;
				CLANG_WARN_SUSPICIOUS_MOVE = YES;
				CLANG_WARN_UNGUARDED_AVAILABILITY = YES_AGGRESSIVE;
				CLANG_WARN_UNREACHABLE_CODE = YES;
				CLANG_WARN__DUPLICATE_METHOD_MATCH = YES;
				COPY_PHASE_STRIP = NO;
				DEBUG_INFORMATION_FORMAT = dwarf;
				ENABLE_STRICT_OBJC_MSGSEND = YES;
				ENABLE_TESTABILITY = YES;
				GCC_C_LANGUAGE_STANDARD = gnu11;
				GCC_DYNAMIC_NO_PIC = NO;
				GCC_NO_COMMON_BLOCKS = YES;
				GCC_OPTIMIZATION_LEVEL = 0;
				GCC_PREPROCESSOR_DEFINITIONS = (
					"DEBUG=1",
					"$(inherited)",
				);
				GCC_WARN_64_TO_32_BIT_CONVERSION = YES;
				GCC_WARN_ABOUT_RETURN_TYPE = YES_ERROR;
				GCC_WARN_UNDECLARED_SELECTOR = YES;
				GCC_WARN_UNINITIALIZED_AUTOS = YES_AGGRESSIVE;
				GCC_WARN_UNUSED_FUNCTION = YES;
				GCC_WARN_UNUSED_VARIABLE = YES;
				IPHONEOS_DEPLOYMENT_TARGET = 13.2;
				MTL_ENABLE_DEBUG_INFO = INCLUDE_SOURCE;
				MTL_FAST_MATH = YES;
				ONLY_ACTIVE_ARCH = YES;
				SDKROOT = iphoneos;
				SWIFT_ACTIVE_COMPILATION_CONDITIONS = DEBUG;
				SWIFT_OPTIMIZATION_LEVEL = "-Onone";
			};
			name = Debug;
		};
		303B5A60242FA6BA0061E1DA /* Release */ = {
			isa = XCBuildConfiguration;
			buildSettings = {
				ALWAYS_SEARCH_USER_PATHS = NO;
				CLANG_ANALYZER_NONNULL = YES;
				CLANG_ANALYZER_NUMBER_OBJECT_CONVERSION = YES_AGGRESSIVE;
				CLANG_CXX_LANGUAGE_STANDARD = "gnu++14";
				CLANG_CXX_LIBRARY = "libc++";
				CLANG_ENABLE_MODULES = YES;
				CLANG_ENABLE_OBJC_ARC = YES;
				CLANG_ENABLE_OBJC_WEAK = YES;
				CLANG_WARN_BLOCK_CAPTURE_AUTORELEASING = YES;
				CLANG_WARN_BOOL_CONVERSION = YES;
				CLANG_WARN_COMMA = YES;
				CLANG_WARN_CONSTANT_CONVERSION = YES;
				CLANG_WARN_DEPRECATED_OBJC_IMPLEMENTATIONS = YES;
				CLANG_WARN_DIRECT_OBJC_ISA_USAGE = YES_ERROR;
				CLANG_WARN_DOCUMENTATION_COMMENTS = YES;
				CLANG_WARN_EMPTY_BODY = YES;
				CLANG_WARN_ENUM_CONVERSION = YES;
				CLANG_WARN_INFINITE_RECURSION = YES;
				CLANG_WARN_INT_CONVERSION = YES;
				CLANG_WARN_NON_LITERAL_NULL_CONVERSION = YES;
				CLANG_WARN_OBJC_IMPLICIT_RETAIN_SELF = YES;
				CLANG_WARN_OBJC_LITERAL_CONVERSION = YES;
				CLANG_WARN_OBJC_ROOT_CLASS = YES_ERROR;
				CLANG_WARN_RANGE_LOOP_ANALYSIS = YES;
				CLANG_WARN_STRICT_PROTOTYPES = YES;
				CLANG_WARN_SUSPICIOUS_MOVE = YES;
				CLANG_WARN_UNGUARDED_AVAILABILITY = YES_AGGRESSIVE;
				CLANG_WARN_UNREACHABLE_CODE = YES;
				CLANG_WARN__DUPLICATE_METHOD_MATCH = YES;
				COPY_PHASE_STRIP = NO;
				DEBUG_INFORMATION_FORMAT = "dwarf-with-dsym";
				ENABLE_NS_ASSERTIONS = NO;
				ENABLE_STRICT_OBJC_MSGSEND = YES;
				GCC_C_LANGUAGE_STANDARD = gnu11;
				GCC_NO_COMMON_BLOCKS = YES;
				GCC_WARN_64_TO_32_BIT_CONVERSION = YES;
				GCC_WARN_ABOUT_RETURN_TYPE = YES_ERROR;
				GCC_WARN_UNDECLARED_SELECTOR = YES;
				GCC_WARN_UNINITIALIZED_AUTOS = YES_AGGRESSIVE;
				GCC_WARN_UNUSED_FUNCTION = YES;
				GCC_WARN_UNUSED_VARIABLE = YES;
				IPHONEOS_DEPLOYMENT_TARGET = 13.2;
				MTL_ENABLE_DEBUG_INFO = NO;
				MTL_FAST_MATH = YES;
				SDKROOT = iphoneos;
				SWIFT_COMPILATION_MODE = wholemodule;
				SWIFT_OPTIMIZATION_LEVEL = "-O";
				VALIDATE_PRODUCT = YES;
			};
			name = Release;
		};
		303B5A62242FA6BA0061E1DA /* Debug */ = {
			isa = XCBuildConfiguration;
			buildSettings = {
				ASSETCATALOG_COMPILER_APPICON_NAME = AppIcon;
				CODE_SIGN_STYLE = Automatic;
				DEVELOPMENT_TEAM = Z2R639S87G;
				INFOPLIST_FILE = TennisCore/Info.plist;
				LD_RUNPATH_SEARCH_PATHS = (
					"$(inherited)",
					"@executable_path/Frameworks",
				);
				PRODUCT_BUNDLE_IDENTIFIER = com.blueforestapps.TennisCore;
				PRODUCT_NAME = "$(TARGET_NAME)";
				SWIFT_VERSION = 5.0;
				TARGETED_DEVICE_FAMILY = "1,2";
			};
			name = Debug;
		};
		303B5A63242FA6BA0061E1DA /* Release */ = {
			isa = XCBuildConfiguration;
			buildSettings = {
				ASSETCATALOG_COMPILER_APPICON_NAME = AppIcon;
				CODE_SIGN_STYLE = Automatic;
				DEVELOPMENT_TEAM = Z2R639S87G;
				INFOPLIST_FILE = TennisCore/Info.plist;
				LD_RUNPATH_SEARCH_PATHS = (
					"$(inherited)",
					"@executable_path/Frameworks",
				);
				PRODUCT_BUNDLE_IDENTIFIER = com.blueforestapps.TennisCore;
				PRODUCT_NAME = "$(TARGET_NAME)";
				SWIFT_VERSION = 5.0;
				TARGETED_DEVICE_FAMILY = "1,2";
			};
			name = Release;
		};
/* End XCBuildConfiguration section */

/* Begin XCConfigurationList section */
		303B5A48242FA6B80061E1DA /* Build configuration list for PBXProject "TennisCore" */ = {
			isa = XCConfigurationList;
			buildConfigurations = (
				303B5A5F242FA6BA0061E1DA /* Debug */,
				303B5A60242FA6BA0061E1DA /* Release */,
			);
			defaultConfigurationIsVisible = 0;
			defaultConfigurationName = Release;
		};
		303B5A61242FA6BA0061E1DA /* Build configuration list for PBXNativeTarget "TennisCore" */ = {
			isa = XCConfigurationList;
			buildConfigurations = (
				303B5A62242FA6BA0061E1DA /* Debug */,
				303B5A63242FA6BA0061E1DA /* Release */,
			);
			defaultConfigurationIsVisible = 0;
			defaultConfigurationName = Release;
		};
/* End XCConfigurationList section */
	};
	rootObject = 303B5A45242FA6B80061E1DA /* Project object */;
}
